// !$*UTF8*$!
{
	archiveVersion = 1;
	classes = {
	};
	objectVersion = 50;
	objects = {

/* Begin PBXBuildFile section */
		523892EB218C80D5000BEDF1 /* AppDelegate.swift in Sources */ = {isa = PBXBuildFile; fileRef = 523892EA218C80D5000BEDF1 /* AppDelegate.swift */; };
		523892ED218C80D5000BEDF1 /* MasterViewController.swift in Sources */ = {isa = PBXBuildFile; fileRef = 523892EC218C80D5000BEDF1 /* MasterViewController.swift */; };
		523892EF218C80D5000BEDF1 /* DetailViewController.swift in Sources */ = {isa = PBXBuildFile; fileRef = 523892EE218C80D5000BEDF1 /* DetailViewController.swift */; };
		523892F2218C80D5000BEDF1 /* Main.storyboard in Resources */ = {isa = PBXBuildFile; fileRef = 523892F0218C80D5000BEDF1 /* Main.storyboard */; };
		523892F4218C80DC000BEDF1 /* Assets.xcassets in Resources */ = {isa = PBXBuildFile; fileRef = 523892F3218C80DC000BEDF1 /* Assets.xcassets */; };
		523892F7218C80DC000BEDF1 /* LaunchScreen.storyboard in Resources */ = {isa = PBXBuildFile; fileRef = 523892F5218C80DC000BEDF1 /* LaunchScreen.storyboard */; };
		52389302218C80DC000BEDF1 /* weatherApiUliaszLab2Tests.swift in Sources */ = {isa = PBXBuildFile; fileRef = 52389301218C80DC000BEDF1 /* weatherApiUliaszLab2Tests.swift */; };
		5238930D218C80DC000BEDF1 /* weatherApiUliaszLab2UITests.swift in Sources */ = {isa = PBXBuildFile; fileRef = 5238930C218C80DC000BEDF1 /* weatherApiUliaszLab2UITests.swift */; };
		5238931B218C80DC000BEDF1 /* CityWeatherStorage.swift in Sources */ = {isa = PBXBuildFile; fileRef = 5238931A218C80DC000BEDF1 /* CityWeatherStorage.swift */; };
		5238931D218C80DC000BEDF1 /* WeatherDetails.swift in Sources */ = {isa = PBXBuildFile; fileRef = 5238931C218C80DC000BEDF1 /* WeatherDetails.swift */; };
		5238932021921CB0000BEDF1 /* Location.swift in Sources */ = {isa = PBXBuildFile; fileRef = 5238931F21921CB0000BEDF1 /* Location.swift */; };
		5238932221921FAE000BEDF1 /* WeatherDetailsUITableCell.swift in Sources */ = {isa = PBXBuildFile; fileRef = 5238932121921FAE000BEDF1 /* WeatherDetailsUITableCell.swift */; };
		5238932421934117000BEDF1 /* SearchLocationViewController.swift in Sources */ = {isa = PBXBuildFile; fileRef = 5238932321934117000BEDF1 /* SearchLocationViewController.swift */; };
/* End PBXBuildFile section */

/* Begin PBXContainerItemProxy section */
		523892FE218C80DC000BEDF1 /* PBXContainerItemProxy */ = {
			isa = PBXContainerItemProxy;
			containerPortal = 523892DF218C80D5000BEDF1 /* Project object */;
			proxyType = 1;
			remoteGlobalIDString = 523892E6218C80D5000BEDF1;
			remoteInfo = weatherApiUliaszLab2;
		};
		52389309218C80DC000BEDF1 /* PBXContainerItemProxy */ = {
			isa = PBXContainerItemProxy;
			containerPortal = 523892DF218C80D5000BEDF1 /* Project object */;
			proxyType = 1;
			remoteGlobalIDString = 523892E6218C80D5000BEDF1;
			remoteInfo = weatherApiUliaszLab2;
		};
/* End PBXContainerItemProxy section */

/* Begin PBXFileReference section */
		523892E7218C80D5000BEDF1 /* weatherApiUliaszLab2.app */ = {isa = PBXFileReference; explicitFileType = wrapper.application; includeInIndex = 0; path = weatherApiUliaszLab2.app; sourceTree = BUILT_PRODUCTS_DIR; };
		523892EA218C80D5000BEDF1 /* AppDelegate.swift */ = {isa = PBXFileReference; lastKnownFileType = sourcecode.swift; path = AppDelegate.swift; sourceTree = "<group>"; };
		523892EC218C80D5000BEDF1 /* MasterViewController.swift */ = {isa = PBXFileReference; lastKnownFileType = sourcecode.swift; path = MasterViewController.swift; sourceTree = "<group>"; };
		523892EE218C80D5000BEDF1 /* DetailViewController.swift */ = {isa = PBXFileReference; lastKnownFileType = sourcecode.swift; path = DetailViewController.swift; sourceTree = "<group>"; };
		523892F1218C80D5000BEDF1 /* Base */ = {isa = PBXFileReference; lastKnownFileType = file.storyboard; name = Base; path = Base.lproj/Main.storyboard; sourceTree = "<group>"; };
		523892F3218C80DC000BEDF1 /* Assets.xcassets */ = {isa = PBXFileReference; lastKnownFileType = folder.assetcatalog; path = Assets.xcassets; sourceTree = "<group>"; };
		523892F6218C80DC000BEDF1 /* Base */ = {isa = PBXFileReference; lastKnownFileType = file.storyboard; name = Base; path = Base.lproj/LaunchScreen.storyboard; sourceTree = "<group>"; };
		523892F8218C80DC000BEDF1 /* Info.plist */ = {isa = PBXFileReference; lastKnownFileType = text.plist.xml; path = Info.plist; sourceTree = "<group>"; };
		523892FD218C80DC000BEDF1 /* weatherApiUliaszLab2Tests.xctest */ = {isa = PBXFileReference; explicitFileType = wrapper.cfbundle; includeInIndex = 0; path = weatherApiUliaszLab2Tests.xctest; sourceTree = BUILT_PRODUCTS_DIR; };
		52389301218C80DC000BEDF1 /* weatherApiUliaszLab2Tests.swift */ = {isa = PBXFileReference; lastKnownFileType = sourcecode.swift; path = weatherApiUliaszLab2Tests.swift; sourceTree = "<group>"; };
		52389303218C80DC000BEDF1 /* Info.plist */ = {isa = PBXFileReference; lastKnownFileType = text.plist.xml; path = Info.plist; sourceTree = "<group>"; };
		52389308218C80DC000BEDF1 /* weatherApiUliaszLab2UITests.xctest */ = {isa = PBXFileReference; explicitFileType = wrapper.cfbundle; includeInIndex = 0; path = weatherApiUliaszLab2UITests.xctest; sourceTree = BUILT_PRODUCTS_DIR; };
		5238930C218C80DC000BEDF1 /* weatherApiUliaszLab2UITests.swift */ = {isa = PBXFileReference; lastKnownFileType = sourcecode.swift; path = weatherApiUliaszLab2UITests.swift; sourceTree = "<group>"; };
		5238930E218C80DC000BEDF1 /* Info.plist */ = {isa = PBXFileReference; lastKnownFileType = text.plist.xml; path = Info.plist; sourceTree = "<group>"; };
		5238931A218C80DC000BEDF1 /* CityWeatherStorage.swift */ = {isa = PBXFileReference; lastKnownFileType = sourcecode.swift; path = CityWeatherStorage.swift; sourceTree = "<group>"; };
		5238931C218C80DC000BEDF1 /* WeatherDetails.swift */ = {isa = PBXFileReference; lastKnownFileType = sourcecode.swift; path = WeatherDetails.swift; sourceTree = "<group>"; };
		5238931F21921CB0000BEDF1 /* Location.swift */ = {isa = PBXFileReference; lastKnownFileType = sourcecode.swift; path = Location.swift; sourceTree = "<group>"; };
		5238932121921FAE000BEDF1 /* WeatherDetailsUITableCell.swift */ = {isa = PBXFileReference; lastKnownFileType = sourcecode.swift; path = WeatherDetailsUITableCell.swift; sourceTree = "<group>"; };
		5238932321934117000BEDF1 /* SearchLocationViewController.swift */ = {isa = PBXFileReference; lastKnownFileType = sourcecode.swift; path = SearchLocationViewController.swift; sourceTree = "<group>"; };
/* End PBXFileReference section */

/* Begin PBXFrameworksBuildPhase section */
		523892E4218C80D5000BEDF1 /* Frameworks */ = {
			isa = PBXFrameworksBuildPhase;
			buildActionMask = 2147483647;
			files = (
			);
			runOnlyForDeploymentPostprocessing = 0;
		};
		523892FA218C80DC000BEDF1 /* Frameworks */ = {
			isa = PBXFrameworksBuildPhase;
			buildActionMask = 2147483647;
			files = (
			);
			runOnlyForDeploymentPostprocessing = 0;
		};
		52389305218C80DC000BEDF1 /* Frameworks */ = {
			isa = PBXFrameworksBuildPhase;
			buildActionMask = 2147483647;
			files = (
			);
			runOnlyForDeploymentPostprocessing = 0;
		};
/* End PBXFrameworksBuildPhase section */

/* Begin PBXGroup section */
		523892DE218C80D5000BEDF1 = {
			isa = PBXGroup;
			children = (
				523892E9218C80D5000BEDF1 /* weatherApiUliaszLab2 */,
				52389300218C80DC000BEDF1 /* weatherApiUliaszLab2Tests */,
				5238930B218C80DC000BEDF1 /* weatherApiUliaszLab2UITests */,
				523892E8218C80D5000BEDF1 /* Products */,
			);
			sourceTree = "<group>";
		};
		523892E8218C80D5000BEDF1 /* Products */ = {
			isa = PBXGroup;
			children = (
				523892E7218C80D5000BEDF1 /* weatherApiUliaszLab2.app */,
				523892FD218C80DC000BEDF1 /* weatherApiUliaszLab2Tests.xctest */,
				52389308218C80DC000BEDF1 /* weatherApiUliaszLab2UITests.xctest */,
			);
			name = Products;
			sourceTree = "<group>";
		};
		523892E9218C80D5000BEDF1 /* weatherApiUliaszLab2 */ = {
			isa = PBXGroup;
			children = (
				5238931E218C80DC000BEDF1 /* model */,
				523892EA218C80D5000BEDF1 /* AppDelegate.swift */,
				523892EC218C80D5000BEDF1 /* MasterViewController.swift */,
				523892EE218C80D5000BEDF1 /* DetailViewController.swift */,
				523892F0218C80D5000BEDF1 /* Main.storyboard */,
				523892F3218C80DC000BEDF1 /* Assets.xcassets */,
				523892F5218C80DC000BEDF1 /* LaunchScreen.storyboard */,
				523892F8218C80DC000BEDF1 /* Info.plist */,
			);
			path = weatherApiUliaszLab2;
			sourceTree = "<group>";
		};
		52389300218C80DC000BEDF1 /* weatherApiUliaszLab2Tests */ = {
			isa = PBXGroup;
			children = (
				52389301218C80DC000BEDF1 /* weatherApiUliaszLab2Tests.swift */,
				52389303218C80DC000BEDF1 /* Info.plist */,
			);
			path = weatherApiUliaszLab2Tests;
			sourceTree = "<group>";
		};
		5238930B218C80DC000BEDF1 /* weatherApiUliaszLab2UITests */ = {
			isa = PBXGroup;
			children = (
				5238930C218C80DC000BEDF1 /* weatherApiUliaszLab2UITests.swift */,
				5238930E218C80DC000BEDF1 /* Info.plist */,
			);
			path = weatherApiUliaszLab2UITests;
			sourceTree = "<group>";
		};
		5238931E218C80DC000BEDF1 /* model */ = {
			isa = PBXGroup;
			children = (
				5238931A218C80DC000BEDF1 /* CityWeatherStorage.swift */,
				5238931C218C80DC000BEDF1 /* WeatherDetails.swift */,
				5238931F21921CB0000BEDF1 /* Location.swift */,
				5238932121921FAE000BEDF1 /* WeatherDetailsUITableCell.swift */,
				5238932321934117000BEDF1 /* SearchLocationViewController.swift */,
			);
			path = model;
			sourceTree = "<group>";
		};
/* End PBXGroup section */

/* Begin PBXNativeTarget section */
		523892E6218C80D5000BEDF1 /* weatherApiUliaszLab2 */ = {
			isa = PBXNativeTarget;
			buildConfigurationList = 52389311218C80DC000BEDF1 /* Build configuration list for PBXNativeTarget "weatherApiUliaszLab2" */;
			buildPhases = (
				523892E3218C80D5000BEDF1 /* Sources */,
				523892E4218C80D5000BEDF1 /* Frameworks */,
				523892E5218C80D5000BEDF1 /* Resources */,
			);
			buildRules = (
			);
			dependencies = (
			);
			name = weatherApiUliaszLab2;
			productName = weatherApiUliaszLab2;
			productReference = 523892E7218C80D5000BEDF1 /* weatherApiUliaszLab2.app */;
			productType = "com.apple.product-type.application";
		};
		523892FC218C80DC000BEDF1 /* weatherApiUliaszLab2Tests */ = {
			isa = PBXNativeTarget;
			buildConfigurationList = 52389314218C80DC000BEDF1 /* Build configuration list for PBXNativeTarget "weatherApiUliaszLab2Tests" */;
			buildPhases = (
				523892F9218C80DC000BEDF1 /* Sources */,
				523892FA218C80DC000BEDF1 /* Frameworks */,
				523892FB218C80DC000BEDF1 /* Resources */,
			);
			buildRules = (
			);
			dependencies = (
				523892FF218C80DC000BEDF1 /* PBXTargetDependency */,
			);
			name = weatherApiUliaszLab2Tests;
			productName = weatherApiUliaszLab2Tests;
			productReference = 523892FD218C80DC000BEDF1 /* weatherApiUliaszLab2Tests.xctest */;
			productType = "com.apple.product-type.bundle.unit-test";
		};
		52389307218C80DC000BEDF1 /* weatherApiUliaszLab2UITests */ = {
			isa = PBXNativeTarget;
			buildConfigurationList = 52389317218C80DC000BEDF1 /* Build configuration list for PBXNativeTarget "weatherApiUliaszLab2UITests" */;
			buildPhases = (
				52389304218C80DC000BEDF1 /* Sources */,
				52389305218C80DC000BEDF1 /* Frameworks */,
				52389306218C80DC000BEDF1 /* Resources */,
			);
			buildRules = (
			);
			dependencies = (
				5238930A218C80DC000BEDF1 /* PBXTargetDependency */,
			);
			name = weatherApiUliaszLab2UITests;
			productName = weatherApiUliaszLab2UITests;
			productReference = 52389308218C80DC000BEDF1 /* weatherApiUliaszLab2UITests.xctest */;
			productType = "com.apple.product-type.bundle.ui-testing";
		};
/* End PBXNativeTarget section */

/* Begin PBXProject section */
		523892DF218C80D5000BEDF1 /* Project object */ = {
			isa = PBXProject;
			attributes = {
				LastSwiftUpdateCheck = 1000;
				LastUpgradeCheck = 1000;
				ORGANIZATIONNAME = Krzysztof;
				TargetAttributes = {
					523892E6218C80D5000BEDF1 = {
						CreatedOnToolsVersion = 10.0;
					};
					523892FC218C80DC000BEDF1 = {
						CreatedOnToolsVersion = 10.0;
						TestTargetID = 523892E6218C80D5000BEDF1;
					};
					52389307218C80DC000BEDF1 = {
						CreatedOnToolsVersion = 10.0;
						TestTargetID = 523892E6218C80D5000BEDF1;
					};
				};
			};
			buildConfigurationList = 523892E2218C80D5000BEDF1 /* Build configuration list for PBXProject "weatherApiUliaszLab2" */;
			compatibilityVersion = "Xcode 9.3";
			developmentRegion = en;
			hasScannedForEncodings = 0;
			knownRegions = (
				en,
				Base,
			);
			mainGroup = 523892DE218C80D5000BEDF1;
			productRefGroup = 523892E8218C80D5000BEDF1 /* Products */;
			projectDirPath = "";
			projectRoot = "";
			targets = (
				523892E6218C80D5000BEDF1 /* weatherApiUliaszLab2 */,
				523892FC218C80DC000BEDF1 /* weatherApiUliaszLab2Tests */,
				52389307218C80DC000BEDF1 /* weatherApiUliaszLab2UITests */,
			);
		};
/* End PBXProject section */

/* Begin PBXResourcesBuildPhase section */
		523892E5218C80D5000BEDF1 /* Resources */ = {
			isa = PBXResourcesBuildPhase;
			buildActionMask = 2147483647;
			files = (
				523892F7218C80DC000BEDF1 /* LaunchScreen.storyboard in Resources */,
				523892F4218C80DC000BEDF1 /* Assets.xcassets in Resources */,
				523892F2218C80D5000BEDF1 /* Main.storyboard in Resources */,
			);
			runOnlyForDeploymentPostprocessing = 0;
		};
		523892FB218C80DC000BEDF1 /* Resources */ = {
			isa = PBXResourcesBuildPhase;
			buildActionMask = 2147483647;
			files = (
			);
			runOnlyForDeploymentPostprocessing = 0;
		};
		52389306218C80DC000BEDF1 /* Resources */ = {
			isa = PBXResourcesBuildPhase;
			buildActionMask = 2147483647;
			files = (
			);
			runOnlyForDeploymentPostprocessing = 0;
		};
/* End PBXResourcesBuildPhase section */

/* Begin PBXSourcesBuildPhase section */
		523892E3218C80D5000BEDF1 /* Sources */ = {
			isa = PBXSourcesBuildPhase;
			buildActionMask = 2147483647;
			files = (
				5238932221921FAE000BEDF1 /* WeatherDetailsUITableCell.swift in Sources */,
				523892EF218C80D5000BEDF1 /* DetailViewController.swift in Sources */,
				5238931B218C80DC000BEDF1 /* CityWeatherStorage.swift in Sources */,
				523892ED218C80D5000BEDF1 /* MasterViewController.swift in Sources */,
				5238931D218C80DC000BEDF1 /* WeatherDetails.swift in Sources */,
				5238932021921CB0000BEDF1 /* Location.swift in Sources */,
				523892EB218C80D5000BEDF1 /* AppDelegate.swift in Sources */,
				5238932421934117000BEDF1 /* SearchLocationViewController.swift in Sources */,
			);
			runOnlyForDeploymentPostprocessing = 0;
		};
		523892F9218C80DC000BEDF1 /* Sources */ = {
			isa = PBXSourcesBuildPhase;
			buildActionMask = 2147483647;
			files = (
				52389302218C80DC000BEDF1 /* weatherApiUliaszLab2Tests.swift in Sources */,
			);
			runOnlyForDeploymentPostprocessing = 0;
		};
		52389304218C80DC000BEDF1 /* Sources */ = {
			isa = PBXSourcesBuildPhase;
			buildActionMask = 2147483647;
			files = (
				5238930D218C80DC000BEDF1 /* weatherApiUliaszLab2UITests.swift in Sources */,
			);
			runOnlyForDeploymentPostprocessing = 0;
		};
/* End PBXSourcesBuildPhase section */

/* Begin PBXTargetDependency section */
		523892FF218C80DC000BEDF1 /* PBXTargetDependency */ = {
			isa = PBXTargetDependency;
			target = 523892E6218C80D5000BEDF1 /* weatherApiUliaszLab2 */;
			targetProxy = 523892FE218C80DC000BEDF1 /* PBXContainerItemProxy */;
		};
		5238930A218C80DC000BEDF1 /* PBXTargetDependency */ = {
			isa = PBXTargetDependency;
			target = 523892E6218C80D5000BEDF1 /* weatherApiUliaszLab2 */;
			targetProxy = 52389309218C80DC000BEDF1 /* PBXContainerItemProxy */;
		};
/* End PBXTargetDependency section */

/* Begin PBXVariantGroup section */
		523892F0218C80D5000BEDF1 /* Main.storyboard */ = {
			isa = PBXVariantGroup;
			children = (
				523892F1218C80D5000BEDF1 /* Base */,
			);
			name = Main.storyboard;
			sourceTree = "<group>";
		};
		523892F5218C80DC000BEDF1 /* LaunchScreen.storyboard */ = {
			isa = PBXVariantGroup;
			children = (
				523892F6218C80DC000BEDF1 /* Base */,
			);
			name = LaunchScreen.storyboard;
			sourceTree = "<group>";
		};
/* End PBXVariantGroup section */

/* Begin XCBuildConfiguration section */
		5238930F218C80DC000BEDF1 /* Debug */ = {
			isa = XCBuildConfiguration;
			buildSettings = {
				ALWAYS_SEARCH_USER_PATHS = NO;
				CLANG_ANALYZER_NONNULL = YES;
				CLANG_ANALYZER_NUMBER_OBJECT_CONVERSION = YES_AGGRESSIVE;
				CLANG_CXX_LANGUAGE_STANDARD = "gnu++14";
				CLANG_CXX_LIBRARY = "libc++";
				CLANG_ENABLE_MODULES = YES;
				CLANG_ENABLE_OBJC_ARC = YES;
				CLANG_ENABLE_OBJC_WEAK = YES;
				CLANG_WARN_BLOCK_CAPTURE_AUTORELEASING = YES;
				CLANG_WARN_BOOL_CONVERSION = YES;
				CLANG_WARN_COMMA = YES;
				CLANG_WARN_CONSTANT_CONVERSION = YES;
				CLANG_WARN_DEPRECATED_OBJC_IMPLEMENTATIONS = YES;
				CLANG_WARN_DIRECT_OBJC_ISA_USAGE = YES_ERROR;
				CLANG_WARN_DOCUMENTATION_COMMENTS = YES;
				CLANG_WARN_EMPTY_BODY = YES;
				CLANG_WARN_ENUM_CONVERSION = YES;
				CLANG_WARN_INFINITE_RECURSION = YES;
				CLANG_WARN_INT_CONVERSION = YES;
				CLANG_WARN_NON_LITERAL_NULL_CONVERSION = YES;
				CLANG_WARN_OBJC_IMPLICIT_RETAIN_SELF = YES;
				CLANG_WARN_OBJC_LITERAL_CONVERSION = YES;
				CLANG_WARN_OBJC_ROOT_CLASS = YES_ERROR;
				CLANG_WARN_RANGE_LOOP_ANALYSIS = YES;
				CLANG_WARN_STRICT_PROTOTYPES = YES;
				CLANG_WARN_SUSPICIOUS_MOVE = YES;
				CLANG_WARN_UNGUARDED_AVAILABILITY = YES_AGGRESSIVE;
				CLANG_WARN_UNREACHABLE_CODE = YES;
				CLANG_WARN__DUPLICATE_METHOD_MATCH = YES;
				CODE_SIGN_IDENTITY = "iPhone Developer";
				COPY_PHASE_STRIP = NO;
				DEBUG_INFORMATION_FORMAT = dwarf;
				ENABLE_STRICT_OBJC_MSGSEND = YES;
				ENABLE_TESTABILITY = YES;
				GCC_C_LANGUAGE_STANDARD = gnu11;
				GCC_DYNAMIC_NO_PIC = NO;
				GCC_NO_COMMON_BLOCKS = YES;
				GCC_OPTIMIZATION_LEVEL = 0;
				GCC_PREPROCESSOR_DEFINITIONS = (
					"DEBUG=1",
					"$(inherited)",
				);
				GCC_WARN_64_TO_32_BIT_CONVERSION = YES;
				GCC_WARN_ABOUT_RETURN_TYPE = YES_ERROR;
				GCC_WARN_UNDECLARED_SELECTOR = YES;
				GCC_WARN_UNINITIALIZED_AUTOS = YES_AGGRESSIVE;
				GCC_WARN_UNUSED_FUNCTION = YES;
				GCC_WARN_UNUSED_VARIABLE = YES;
				IPHONEOS_DEPLOYMENT_TARGET = 12.0;
				MTL_ENABLE_DEBUG_INFO = INCLUDE_SOURCE;
				MTL_FAST_MATH = YES;
				ONLY_ACTIVE_ARCH = YES;
				SDKROOT = iphoneos;
				SWIFT_ACTIVE_COMPILATION_CONDITIONS = DEBUG;
				SWIFT_OPTIMIZATION_LEVEL = "-Onone";
			};
			name = Debug;
		};
		52389310218C80DC000BEDF1 /* Release */ = {
			isa = XCBuildConfiguration;
			buildSettings = {
				ALWAYS_SEARCH_USER_PATHS = NO;
				CLANG_ANALYZER_NONNULL = YES;
				CLANG_ANALYZER_NUMBER_OBJECT_CONVERSION = YES_AGGRESSIVE;
				CLANG_CXX_LANGUAGE_STANDARD = "gnu++14";
				CLANG_CXX_LIBRARY = "libc++";
				CLANG_ENABLE_MODULES = YES;
				CLANG_ENABLE_OBJC_ARC = YES;
				CLANG_ENABLE_OBJC_WEAK = YES;
				CLANG_WARN_BLOCK_CAPTURE_AUTORELEASING = YES;
				CLANG_WARN_BOOL_CONVERSION = YES;
				CLANG_WARN_COMMA = YES;
				CLANG_WARN_CONSTANT_CONVERSION = YES;
				CLANG_WARN_DEPRECATED_OBJC_IMPLEMENTATIONS = YES;
				CLANG_WARN_DIRECT_OBJC_ISA_USAGE = YES_ERROR;
				CLANG_WARN_DOCUMENTATION_COMMENTS = YES;
				CLANG_WARN_EMPTY_BODY = YES;
				CLANG_WARN_ENUM_CONVERSION = YES;
				CLANG_WARN_INFINITE_RECURSION = YES;
				CLANG_WARN_INT_CONVERSION = YES;
				CLANG_WARN_NON_LITERAL_NULL_CONVERSION = YES;
				CLANG_WARN_OBJC_IMPLICIT_RETAIN_SELF = YES;
				CLANG_WARN_OBJC_LITERAL_CONVERSION = YES;
				CLANG_WARN_OBJC_ROOT_CLASS = YES_ERROR;
				CLANG_WARN_RANGE_LOOP_ANALYSIS = YES;
				CLANG_WARN_STRICT_PROTOTYPES = YES;
				CLANG_WARN_SUSPICIOUS_MOVE = YES;
				CLANG_WARN_UNGUARDED_AVAILABILITY = YES_AGGRESSIVE;
				CLANG_WARN_UNREACHABLE_CODE = YES;
				CLANG_WARN__DUPLICATE_METHOD_MATCH = YES;
				CODE_SIGN_IDENTITY = "iPhone Developer";
				COPY_PHASE_STRIP = NO;
				DEBUG_INFORMATION_FORMAT = "dwarf-with-dsym";
				ENABLE_NS_ASSERTIONS = NO;
				ENABLE_STRICT_OBJC_MSGSEND = YES;
				GCC_C_LANGUAGE_STANDARD = gnu11;
				GCC_NO_COMMON_BLOCKS = YES;
				GCC_WARN_64_TO_32_BIT_CONVERSION = YES;
				GCC_WARN_ABOUT_RETURN_TYPE = YES_ERROR;
				GCC_WARN_UNDECLARED_SELECTOR = YES;
				GCC_WARN_UNINITIALIZED_AUTOS = YES_AGGRESSIVE;
				GCC_WARN_UNUSED_FUNCTION = YES;
				GCC_WARN_UNUSED_VARIABLE = YES;
				IPHONEOS_DEPLOYMENT_TARGET = 12.0;
				MTL_ENABLE_DEBUG_INFO = NO;
				MTL_FAST_MATH = YES;
				SDKROOT = iphoneos;
				SWIFT_COMPILATION_MODE = wholemodule;
				SWIFT_OPTIMIZATION_LEVEL = "-O";
				VALIDATE_PRODUCT = YES;
			};
			name = Release;
		};
		52389312218C80DC000BEDF1 /* Debug */ = {
			isa = XCBuildConfiguration;
			buildSettings = {
				ASSETCATALOG_COMPILER_APPICON_NAME = AppIcon;
				CODE_SIGN_STYLE = Automatic;
				INFOPLIST_FILE = weatherApiUliaszLab2/Info.plist;
				LD_RUNPATH_SEARCH_PATHS = (
					"$(inherited)",
					"@executable_path/Frameworks",
				);
				PRODUCT_BUNDLE_IDENTIFIER = mobile.weatherApiUliaszLab2;
				PRODUCT_NAME = "$(TARGET_NAME)";
				SWIFT_VERSION = 4.2;
				TARGETED_DEVICE_FAMILY = "1,2";
			};
			name = Debug;
		};
		52389313218C80DC000BEDF1 /* Release */ = {
			isa = XCBuildConfiguration;
			buildSettings = {
				ASSETCATALOG_COMPILER_APPICON_NAME = AppIcon;
				CODE_SIGN_STYLE = Automatic;
				INFOPLIST_FILE = weatherApiUliaszLab2/Info.plist;
				LD_RUNPATH_SEARCH_PATHS = (
					"$(inherited)",
					"@executable_path/Frameworks",
				);
				PRODUCT_BUNDLE_IDENTIFIER = mobile.weatherApiUliaszLab2;
				PRODUCT_NAME = "$(TARGET_NAME)";
				SWIFT_VERSION = 4.2;
				TARGETED_DEVICE_FAMILY = "1,2";
			};
			name = Release;
		};
		52389315218C80DC000BEDF1 /* Debug */ = {
			isa = XCBuildConfiguration;
			buildSettings = {
				ALWAYS_EMBED_SWIFT_STANDARD_LIBRARIES = YES;
				BUNDLE_LOADER = "$(TEST_HOST)";
				CODE_SIGN_STYLE = Automatic;
				INFOPLIST_FILE = weatherApiUliaszLab2Tests/Info.plist;
				LD_RUNPATH_SEARCH_PATHS = (
					"$(inherited)",
					"@executable_path/Frameworks",
					"@loader_path/Frameworks",
				);
				PRODUCT_BUNDLE_IDENTIFIER = mobile.weatherApiUliaszLab2Tests;
				PRODUCT_NAME = "$(TARGET_NAME)";
				SWIFT_VERSION = 4.2;
				TARGETED_DEVICE_FAMILY = "1,2";
				TEST_HOST = "$(BUILT_PRODUCTS_DIR)/weatherApiUliaszLab2.app/weatherApiUliaszLab2";
			};
			name = Debug;
		};
		52389316218C80DC000BEDF1 /* Release */ = {
			isa = XCBuildConfiguration;
			buildSettings = {
				ALWAYS_EMBED_SWIFT_STANDARD_LIBRARIES = YES;
				BUNDLE_LOADER = "$(TEST_HOST)";
				CODE_SIGN_STYLE = Automatic;
				INFOPLIST_FILE = weatherApiUliaszLab2Tests/Info.plist;
				LD_RUNPATH_SEARCH_PATHS = (
					"$(inherited)",
					"@executable_path/Frameworks",
					"@loader_path/Frameworks",
				);
				PRODUCT_BUNDLE_IDENTIFIER = mobile.weatherApiUliaszLab2Tests;
				PRODUCT_NAME = "$(TARGET_NAME)";
				SWIFT_VERSION = 4.2;
				TARGETED_DEVICE_FAMILY = "1,2";
				TEST_HOST = "$(BUILT_PRODUCTS_DIR)/weatherApiUliaszLab2.app/weatherApiUliaszLab2";
			};
			name = Release;
		};
		52389318218C80DC000BEDF1 /* Debug */ = {
			isa = XCBuildConfiguration;
			buildSettings = {
				ALWAYS_EMBED_SWIFT_STANDARD_LIBRARIES = YES;
				CODE_SIGN_STYLE = Automatic;
				INFOPLIST_FILE = weatherApiUliaszLab2UITests/Info.plist;
				LD_RUNPATH_SEARCH_PATHS = (
					"$(inherited)",
					"@executable_path/Frameworks",
					"@loader_path/Frameworks",
				);
				PRODUCT_BUNDLE_IDENTIFIER = mobile.weatherApiUliaszLab2UITests;
				PRODUCT_NAME = "$(TARGET_NAME)";
				SWIFT_VERSION = 4.2;
				TARGETED_DEVICE_FAMILY = "1,2";
				TEST_TARGET_NAME = weatherApiUliaszLab2;
			};
			name = Debug;
		};
		52389319218C80DC000BEDF1 /* Release */ = {
			isa = XCBuildConfiguration;
			buildSettings = {
				ALWAYS_EMBED_SWIFT_STANDARD_LIBRARIES = YES;
				CODE_SIGN_STYLE = Automatic;
				INFOPLIST_FILE = weatherApiUliaszLab2UITests/Info.plist;
				LD_RUNPATH_SEARCH_PATHS = (
					"$(inherited)",
					"@executable_path/Frameworks",
					"@loader_path/Frameworks",
				);
				PRODUCT_BUNDLE_IDENTIFIER = mobile.weatherApiUliaszLab2UITests;
				PRODUCT_NAME = "$(TARGET_NAME)";
				SWIFT_VERSION = 4.2;
				TARGETED_DEVICE_FAMILY = "1,2";
				TEST_TARGET_NAME = weatherApiUliaszLab2;
			};
			name = Release;
		};
/* End XCBuildConfiguration section */

/* Begin XCConfigurationList section */
		523892E2218C80D5000BEDF1 /* Build configuration list for PBXProject "weatherApiUliaszLab2" */ = {
			isa = XCConfigurationList;
			buildConfigurations = (
				5238930F218C80DC000BEDF1 /* Debug */,
				52389310218C80DC000BEDF1 /* Release */,
			);
			defaultConfigurationIsVisible = 0;
			defaultConfigurationName = Release;
		};
		52389311218C80DC000BEDF1 /* Build configuration list for PBXNativeTarget "weatherApiUliaszLab2" */ = {
			isa = XCConfigurationList;
			buildConfigurations = (
				52389312218C80DC000BEDF1 /* Debug */,
				52389313218C80DC000BEDF1 /* Release */,
			);
			defaultConfigurationIsVisible = 0;
			defaultConfigurationName = Release;
		};
		52389314218C80DC000BEDF1 /* Build configuration list for PBXNativeTarget "weatherApiUliaszLab2Tests" */ = {
			isa = XCConfigurationList;
			buildConfigurations = (
				52389315218C80DC000BEDF1 /* Debug */,
				52389316218C80DC000BEDF1 /* Release */,
			);
			defaultConfigurationIsVisible = 0;
			defaultConfigurationName = Release;
		};
		52389317218C80DC000BEDF1 /* Build configuration list for PBXNativeTarget "weatherApiUliaszLab2UITests" */ = {
			isa = XCConfigurationList;
			buildConfigurations = (
				52389318218C80DC000BEDF1 /* Debug */,
				52389319218C80DC000BEDF1 /* Release */,
			);
			defaultConfigurationIsVisible = 0;
			defaultConfigurationName = Release;
		};
/* End XCConfigurationList section */
	};
	rootObject = 523892DF218C80D5000BEDF1 /* Project object */;
}
